
Microsoft Visual Studio Solution File, Format Version 12.00
# Visual Studio Version 17
VisualStudioVersion = 17.3.32922.545
MinimumVisualStudioVersion = 10.0.40219.1
Project("{FAE04EC0-301F-11D3-BF4B-00C04F79EFBC}") = "InventoryManagement", "InventoryManagement\InventoryManagement.csproj", "{F1A78D2B-BB72-4711-95C9-D65F404D74B0}"
EndProject
Global
	GlobalSection(SolutionConfigurationPlatforms) = preSolution
		Debug|Any CPU = Debug|Any CPU
		Release|Any CPU = Release|Any CPU
	EndGlobalSection
	GlobalSection(ProjectConfigurationPlatforms) = postSolution
		{F1A78D2B-BB72-4711-95C9-D65F404D74B0}.Debug|Any CPU.ActiveCfg = Debug|Any CPU
		{F1A78D2B-BB72-4711-95C9-D65F404D74B0}.Debug|Any CPU.Build.0 = Debug|Any CPU
		{F1A78D2B-BB72-4711-95C9-D65F404D74B0}.Release|Any CPU.ActiveCfg = Release|Any CPU
		{F1A78D2B-BB72-4711-95C9-D65F404D74B0}.Release|Any CPU.Build.0 = Release|Any CPU
	EndGlobalSection
	GlobalSection(SolutionProperties) = preSolution
		HideSolutionNode = FALSE
	EndGlobalSection
	GlobalSection(ExtensibilityGlobals) = postSolution
		SolutionGuid = {88A813A6-3F09-4082-B86A-96165A688F6B}
	EndGlobalSection
EndGlobal
